
Microsoft Visual Studio Solution File, Format Version 12.00
# Visual Studio Version 16
VisualStudioVersion = 16.0.31005.135
MinimumVisualStudioVersion = 10.0.40219.1
Project("{FAE04EC0-301F-11D3-BF4B-00C04F79EFBC}") = "Tetris", "Tetris.csproj", "{123F3DC1-5B0E-457A-98B6-FC194EB70417}"
EndProject
Global
	GlobalSection(SolutionConfigurationPlatforms) = preSolution
		Debug|Any CPU = Debug|Any CPU
		Release|Any CPU = Release|Any CPU
	EndGlobalSection
	GlobalSection(ProjectConfigurationPlatforms) = postSolution
		{123F3DC1-5B0E-457A-98B6-FC194EB70417}.Debug|Any CPU.ActiveCfg = Debug|Any CPU
		{123F3DC1-5B0E-457A-98B6-FC194EB70417}.Debug|Any CPU.Build.0 = Debug|Any CPU
		{123F3DC1-5B0E-457A-98B6-FC194EB70417}.Release|Any CPU.ActiveCfg = Release|Any CPU
		{123F3DC1-5B0E-457A-98B6-FC194EB70417}.Release|Any CPU.Build.0 = Release|Any CPU
	EndGlobalSection
	GlobalSection(SolutionProperties) = preSolution
		HideSolutionNode = FALSE
	EndGlobalSection
	GlobalSection(ExtensibilityGlobals) = postSolution
		SolutionGuid = {5EECE397-D9E5-454F-A4E2-83B8813D2402}
	EndGlobalSection
EndGlobal
